{
  "name": "SQLCLASS",
  "lockfileVersion": 3,
  "requires": true,
  "packages": {
    "": {
      "dependencies": {
        "@anatine/zod-mock": "^3.13.5",
        "@faker-js/faker": "^9.6.0",
        "zod": "^3.24.2"
      }
    },
    "node_modules/@anatine/zod-mock": {
      "version": "3.13.5",
      "resolved": "https://registry.npmjs.org/@anatine/zod-mock/-/zod-mock-3.13.5.tgz",
      "integrity": "sha512-N08G3F1tdbvZypIqiTmyUgfiO6QZ7B8WbspnliY/kp/7hmQufFf9ML3tU1o9EWgasKIK9Z31GXLM8ezFnuuKpg==",
      "license": "MIT",
      "dependencies": {
        "randexp": "^0.5.3"
      },
      "peerDependencies": {
        "@faker-js/faker": "^7.0.0 || ^8.0.0",
        "zod": "^3.21.4"
      }
    },
    "node_modules/@faker-js/faker": {
      "version": "9.6.0",
      "resolved": "https://registry.npmjs.org/@faker-js/faker/-/faker-9.6.0.tgz",
      "integrity": "sha512-3vm4by+B5lvsFPSyep3ELWmZfE3kicDtmemVpuwl1yH7tqtnHdsA6hG8fbXedMVdkzgtvzWoRgjSB4Q+FHnZiw==",
      "funding": [
        {
          "type": "opencollective",
          "url": "https://opencollective.com/fakerjs"
        }
      ],
      "license": "MIT",
      "engines": {
        "node": ">=18.0.0",
        "npm": ">=9.0.0"
      }
    },
    "node_modules/drange": {
      "version": "1.1.1",
      "resolved": "https://registry.npmjs.org/drange/-/drange-1.1.1.tgz",
      "integrity": "sha512-pYxfDYpued//QpnLIm4Avk7rsNtAtQkUES2cwAYSvD/wd2pKD71gN2Ebj3e7klzXwjocvE8c5vx/1fxwpqmSxA==",
      "license": "MIT",
      "engines": {
        "node": ">=4"
      }
    },
    "node_modules/randexp": {
      "version": "0.5.3",
      "resolved": "https://registry.npmjs.org/randexp/-/randexp-0.5.3.tgz",
      "integrity": "sha512-U+5l2KrcMNOUPYvazA3h5ekF80FHTUG+87SEAmHZmolh1M+i/WyTCxVzmi+tidIa1tM4BSe8g2Y/D3loWDjj+w==",
      "license": "MIT",
      "dependencies": {
        "drange": "^1.0.2",
        "ret": "^0.2.0"
      },
      "engines": {
        "node": ">=4"
      }
    },
    "node_modules/ret": {
      "version": "0.2.2",
      "resolved": "https://registry.npmjs.org/ret/-/ret-0.2.2.tgz",
      "integrity": "sha512-M0b3YWQs7R3Z917WRQy1HHA7Ba7D8hvZg6UE5mLykJxQVE2ju0IXbGlaHPPlkY+WN7wFP+wUMXmBFA0aV6vYGQ==",
      "license": "MIT",
      "engines": {
        "node": ">=4"
      }
    },
    "node_modules/zod": {
      "version": "3.24.2",
      "resolved": "https://registry.npmjs.org/zod/-/zod-3.24.2.tgz",
      "integrity": "sha512-lY7CDW43ECgW9u1TcT3IoXHflywfVqDYze4waEz812jR/bZ8FHDsl7pFQoSZTz5N+2NqRXs8GBwnAwo3ZNxqhQ==",
      "license": "MIT",
      "funding": {
        "url": "https://github.com/sponsors/colinhacks"
      }
    }
  }
}
